// !$*UTF8*$!
{
	archiveVersion = 1;
	classes = {
	};
	objectVersion = 56;
	objects = {

/* Begin PBXBuildFile section */
		3F06FCA82C4BC1FF00A2A930 /* HOReservationChannel.swift in Sources */ = {isa = PBXBuildFile; fileRef = 3F06FCA72C4BC1FF00A2A930 /* HOReservationChannel.swift */; };
		3F0739272BE9164B00B34435 /* Methods.swift in Sources */ = {isa = PBXBuildFile; fileRef = 3F0739262BE9164B00B34435 /* Methods.swift */; };
		3F0739292BE9207200B34435 /* HOCheckInLineView.swift in Sources */ = {isa = PBXBuildFile; fileRef = 3F0739282BE9207200B34435 /* HOCheckInLineView.swift */; };
		3F07392B2BE9474000B34435 /* HOBedDispoLineView.swift in Sources */ = {isa = PBXBuildFile; fileRef = 3F07392A2BE9474000B34435 /* HOBedDispoLineView.swift */; };
		3F09E28E2B91F54A00B64783 /* GoogleSignIn in Frameworks */ = {isa = PBXBuildFile; productRef = 3F09E28D2B91F54A00B64783 /* GoogleSignIn */; };
		3F09E2902B91F54A00B64783 /* GoogleSignInSwift in Frameworks */ = {isa = PBXBuildFile; productRef = 3F09E28F2B91F54A00B64783 /* GoogleSignInSwift */; };
		3F09E2932B91FBBC00B64783 /* CSUtilities.swift in Sources */ = {isa = PBXBuildFile; fileRef = 3F09E2922B91FBBC00B64783 /* CSUtilities.swift */; };
		3F0AE8562BB079250026A1C2 /* HOBedUnit.swift in Sources */ = {isa = PBXBuildFile; fileRef = 3F0AE8552BB079250026A1C2 /* HOBedUnit.swift */; };
		3F0D61AB2BED08C500A25A9A /* HOFilterPickerView.swift in Sources */ = {isa = PBXBuildFile; fileRef = 3F0D61AA2BED08C500A25A9A /* HOFilterPickerView.swift */; };
		3F1467CA2C8765190086209C /* HOOperationRowView.swift in Sources */ = {isa = PBXBuildFile; fileRef = 3F1467C92C8765190086209C /* HOOperationRowView.swift */; };
		3F173BCC2C57EEAF009FA60B /* HOReservationRowView.swift in Sources */ = {isa = PBXBuildFile; fileRef = 3F173BCB2C57EEAF009FA60B /* HOReservationRowView.swift */; };
		3F1BE4922CA41B6A004BCBFF /* HOAnnualReportView.swift in Sources */ = {isa = PBXBuildFile; fileRef = 3F1BE4912CA41B3C004BCBFF /* HOAnnualReportView.swift */; };
		3F1D4A0C2BE12875004EFA05 /* SystemExtension.swift in Sources */ = {isa = PBXBuildFile; fileRef = 3F1D4A0B2BE12875004EFA05 /* SystemExtension.swift */; };
		3F1D4A0E2BE12937004EFA05 /* MyFilterPack in Frameworks */ = {isa = PBXBuildFile; productRef = 3F1D4A0D2BE12937004EFA05 /* MyFilterPack */; };
		3F1D4A112BE13A19004EFA05 /* HODestinationView.swift in Sources */ = {isa = PBXBuildFile; fileRef = 3F1D4A102BE13A19004EFA05 /* HODestinationView.swift */; };
		3F1D4A142BE13C0C004EFA05 /* HONewReservationMainModule.swift in Sources */ = {isa = PBXBuildFile; fileRef = 3F1D4A132BE13C0C004EFA05 /* HONewReservationMainModule.swift */; };
		3F1D90AF2BC199B100A0086F /* HOGuestType.swift in Sources */ = {isa = PBXBuildFile; fileRef = 3F1D90AE2BC199B100A0086F /* HOGuestType.swift */; };
		3F2144E52BB6BFBF00839157 /* ImputationTest.swift in Sources */ = {isa = PBXBuildFile; fileRef = 3F2144E42BB6BFBF00839157 /* ImputationTest.swift */; };
		3F2144E82BB75DC800839157 /* HOCalendar.swift in Sources */ = {isa = PBXBuildFile; fileRef = 3F2144E72BB75DC800839157 /* HOCalendar.swift */; };
		3F2F867A2C21B98E00C4C248 /* HONewOperationBuilderVM.swift in Sources */ = {isa = PBXBuildFile; fileRef = 3F2F86792C21B98E00C4C248 /* HONewOperationBuilderVM.swift */; };
		3F2FD7B52BE7CEF200D7A1B1 /* HOGuestLineView.swift in Sources */ = {isa = PBXBuildFile; fileRef = 3F2FD7B42BE7CEF200D7A1B1 /* HOGuestLineView.swift */; };
		3F3509652C3594C80080B094 /* HOGenericNoteLineView.swift in Sources */ = {isa = PBXBuildFile; fileRef = 3F3509642C3594C80080B094 /* HOGenericNoteLineView.swift */; };
		3F3509682C3595910080B094 /* HOAmountLineView.swift in Sources */ = {isa = PBXBuildFile; fileRef = 3F3509672C3595910080B094 /* HOAmountLineView.swift */; };
		3F35B9442BDE9B9C00837892 /* HOOperationAmount.swift in Sources */ = {isa = PBXBuildFile; fileRef = 3F35B9432BDE9B9C00837892 /* HOOperationAmount.swift */; };
		3F35B9462BDE9BB900837892 /* HOOptClassification.swift in Sources */ = {isa = PBXBuildFile; fileRef = 3F35B9452BDE9BB900837892 /* HOOptClassification.swift */; };
		3F36C8B62C0A0DBB00361118 /* HOLockModifier.swift in Sources */ = {isa = PBXBuildFile; fileRef = 3F36C8B52C0A0DBB00361118 /* HOLockModifier.swift */; };
		3F3B5A1B2CA6FEE700E06F2E /* CurrentYearView.swift in Sources */ = {isa = PBXBuildFile; fileRef = 3F3B5A1A2CA6FEC800E06F2E /* CurrentYearView.swift */; };
		3F4F0F3B2BA4B20D00C8BB44 /* Protocol.swift in Sources */ = {isa = PBXBuildFile; fileRef = 3F4F0F3A2BA4B20D00C8BB44 /* Protocol.swift */; };
		3F5F857F2BCAC744006AA2E6 /* HOWsOperations.swift in Sources */ = {isa = PBXBuildFile; fileRef = 3F5F857E2BCAC744006AA2E6 /* HOWsOperations.swift */; };
		3F5F85822BCBD6D6006AA2E6 /* HOWarehouse.swift in Sources */ = {isa = PBXBuildFile; fileRef = 3F5F85812BCBD6D6006AA2E6 /* HOWarehouse.swift */; };
		3F645C552C24950A0008C68C /* HOOperationType.swift in Sources */ = {isa = PBXBuildFile; fileRef = 3F645C542C24950A0008C68C /* HOOperationType.swift */; };
		3F6908CA2C5928E9004BE04B /* HOReservationStatus.swift in Sources */ = {isa = PBXBuildFile; fileRef = 3F6908C92C5928E9004BE04B /* HOReservationStatus.swift */; };
		3F694CB12BDCEC12001F5989 /* HOImputationAccount.swift in Sources */ = {isa = PBXBuildFile; fileRef = 3F694CB02BDCEC12001F5989 /* HOImputationAccount.swift */; };
		3F694CB32BDCEC31001F5989 /* HOObjectCategory.swift in Sources */ = {isa = PBXBuildFile; fileRef = 3F694CB22BDCEC31001F5989 /* HOObjectCategory.swift */; };
		3F694CB52BDCEC59001F5989 /* HOSubsAccount.swift in Sources */ = {isa = PBXBuildFile; fileRef = 3F694CB42BDCEC59001F5989 /* HOSubsAccount.swift */; };
		3F694CB72BDCEC9E001F5989 /* Miscellaneus.swift in Sources */ = {isa = PBXBuildFile; fileRef = 3F694CB62BDCEC9E001F5989 /* Miscellaneus.swift */; };
		3F6A3DD92BEB7C80005AD3E1 /* HOHosterColor.swift in Sources */ = {isa = PBXBuildFile; fileRef = 3F6A3DD82BEB7C80005AD3E1 /* HOHosterColor.swift */; };
		3F71C25E2B98B50100837F9F /* HOViewModel.swift in Sources */ = {isa = PBXBuildFile; fileRef = 3F71C25D2B98B50100837F9F /* HOViewModel.swift */; };
		3F71C2602B98E6D000837F9F /* MainView.swift in Sources */ = {isa = PBXBuildFile; fileRef = 3F71C25F2B98E6D000837F9F /* MainView.swift */; };
		3F71C2622B99228B00837F9F /* HOViewSetWorkSpace.swift in Sources */ = {isa = PBXBuildFile; fileRef = 3F71C2612B99228B00837F9F /* HOViewSetWorkSpace.swift */; };
		3F71C2642B99243700837F9F /* WorkSpaceModel.swift in Sources */ = {isa = PBXBuildFile; fileRef = 3F71C2632B99243700837F9F /* WorkSpaceModel.swift */; };
		3F84D7A72C07274200926707 /* HOAreaAccount.swift in Sources */ = {isa = PBXBuildFile; fileRef = 3F84D7A62C07274200926707 /* HOAreaAccount.swift */; };
		3F859A9E2BAC83BC00297E13 /* HOAuthData.swift in Sources */ = {isa = PBXBuildFile; fileRef = 3F859A9D2BAC83BC00297E13 /* HOAuthData.swift */; };
		3F859AA22BAC844800297E13 /* WorkSpaceUnit.swift in Sources */ = {isa = PBXBuildFile; fileRef = 3F859AA12BAC844800297E13 /* WorkSpaceUnit.swift */; };
		3F859AA42BAC845700297E13 /* WorkSpaceData.swift in Sources */ = {isa = PBXBuildFile; fileRef = 3F859AA32BAC845700297E13 /* WorkSpaceData.swift */; };
		3F859AA62BAC84C400297E13 /* HOUnitModel.swift in Sources */ = {isa = PBXBuildFile; fileRef = 3F859AA52BAC84C400297E13 /* HOUnitModel.swift */; };
		3F859AA82BAC850600297E13 /* WorkSpaceType.swift in Sources */ = {isa = PBXBuildFile; fileRef = 3F859AA72BAC850600297E13 /* WorkSpaceType.swift */; };
		3F859AAB2BAC853800297E13 /* UnitType.swift in Sources */ = {isa = PBXBuildFile; fileRef = 3F859AAA2BAC853800297E13 /* UnitType.swift */; };
		3F859AAE2BAC85DF00297E13 /* GoogleSignIn.swift in Sources */ = {isa = PBXBuildFile; fileRef = 3F859AAD2BAC85DF00297E13 /* GoogleSignIn.swift */; };
		3F859AB02BAC85EE00297E13 /* AppleSignIn.swift in Sources */ = {isa = PBXBuildFile; fileRef = 3F859AAF2BAC85EE00297E13 /* AppleSignIn.swift */; };
		3F859AB22BAC860300297E13 /* Providers.swift in Sources */ = {isa = PBXBuildFile; fileRef = 3F859AB12BAC860300297E13 /* Providers.swift */; };
		3F859AB52BAC89A700297E13 /* HOCloudData.swift in Sources */ = {isa = PBXBuildFile; fileRef = 3F859AB42BAC89A700297E13 /* HOCloudData.swift */; };
		3F859AB72BAC89D700297E13 /* HOViewCases.swift in Sources */ = {isa = PBXBuildFile; fileRef = 3F859AB62BAC89D700297E13 /* HOViewCases.swift */; };
		3F859ABA2BAC8ADE00297E13 /* HOLoadingStatus.swift in Sources */ = {isa = PBXBuildFile; fileRef = 3F859AB92BAC8ADE00297E13 /* HOLoadingStatus.swift */; };
		3F859ABC2BAC8B1F00297E13 /* SubScribers.swift in Sources */ = {isa = PBXBuildFile; fileRef = 3F859ABB2BAC8B1F00297E13 /* SubScribers.swift */; };
		3F859ABE2BAC8BD800297E13 /* HOSyncroDocManager.swift in Sources */ = {isa = PBXBuildFile; fileRef = 3F859ABD2BAC8BD800297E13 /* HOSyncroDocManager.swift */; };
		3F859AC22BAC8C7800297E13 /* HODataForPublishing.swift in Sources */ = {isa = PBXBuildFile; fileRef = 3F859AC12BAC8C7800297E13 /* HODataForPublishing.swift */; };
		3F859AC42BAC8CCA00297E13 /* HOCollectionTreePath.swift in Sources */ = {isa = PBXBuildFile; fileRef = 3F859AC32BAC8CCA00297E13 /* HOCollectionTreePath.swift */; };
		3F85F9C82C9F0B2600A4A41A /* HOGeneralDataView.swift in Sources */ = {isa = PBXBuildFile; fileRef = 3F85F9C72C9F0B2600A4A41A /* HOGeneralDataView.swift */; };
		3F85F9CA2C9F194900A4A41A /* HOResumeLineView.swift in Sources */ = {isa = PBXBuildFile; fileRef = 3F85F9C92C9F194400A4A41A /* HOResumeLineView.swift */; };
		3F8FEA292B8F8FD500A2BC34 /* HOCloudDataManager.swift in Sources */ = {isa = PBXBuildFile; fileRef = 3F8FEA282B8F8FD500A2BC34 /* HOCloudDataManager.swift */; };
		3F8FEA2D2B8F9E1600A2BC34 /* HOUserDataModel.swift in Sources */ = {isa = PBXBuildFile; fileRef = 3F8FEA2C2B8F9E1600A2BC34 /* HOUserDataModel.swift */; };
		3F8FEA302B8FA3BB00A2BC34 /* HOAuthManager.swift in Sources */ = {isa = PBXBuildFile; fileRef = 3F8FEA2F2B8FA3BB00A2BC34 /* HOAuthManager.swift */; };
		3F8FEA322B8FA41000A2BC34 /* SignInView.swift in Sources */ = {isa = PBXBuildFile; fileRef = 3F8FEA312B8FA41000A2BC34 /* SignInView.swift */; };
		3F921E162BDAB5DB0081395A /* HONastrinoAccount.swift in Sources */ = {isa = PBXBuildFile; fileRef = 3F921E152BDAB5DB0081395A /* HONastrinoAccount.swift */; };
		3F9586712BADDF7400774733 /* HOReservation.swift in Sources */ = {isa = PBXBuildFile; fileRef = 3F9586702BADDF7400774733 /* HOReservation.swift */; };
		3F9586732BADE5F700774733 /* HOWsReservation.swift in Sources */ = {isa = PBXBuildFile; fileRef = 3F9586722BADE5F700774733 /* HOWsReservation.swift */; };
		3F9586762BAF2D2900774733 /* HOWritingAccount.swift in Sources */ = {isa = PBXBuildFile; fileRef = 3F9586752BAF2D2900774733 /* HOWritingAccount.swift */; };
		3F9586782BAF2DAB00774733 /* HOOperationUnit.swift in Sources */ = {isa = PBXBuildFile; fileRef = 3F9586772BAF2DAB00774733 /* HOOperationUnit.swift */; };
		3F999A362BE63C3D0049AC83 /* HOUnitLineView.swift in Sources */ = {isa = PBXBuildFile; fileRef = 3F999A352BE63C3D0049AC83 /* HOUnitLineView.swift */; };
		3F999A382BE63E120049AC83 /* HOSystemMessages.swift in Sources */ = {isa = PBXBuildFile; fileRef = 3F999A372BE63E120049AC83 /* HOSystemMessages.swift */; };
		3F999A3E2BE66C9B0049AC83 /* HOLogMessageModifier.swift in Sources */ = {isa = PBXBuildFile; fileRef = 3F999A3D2BE66C9B0049AC83 /* HOLogMessageModifier.swift */; };
		3F999A402BE66EC30049AC83 /* HOPopMessageModifier.swift in Sources */ = {isa = PBXBuildFile; fileRef = 3F999A3F2BE66EC30049AC83 /* HOPopMessageModifier.swift */; };
		3F9B06D32C3D6AA600806B73 /* HONewReservationBuilderVM.swift in Sources */ = {isa = PBXBuildFile; fileRef = 3F9B06D22C3D6AA600806B73 /* HONewReservationBuilderVM.swift */; };
		3FB6E9942C442FF2002BFF45 /* HOCityTaxLineView.swift in Sources */ = {isa = PBXBuildFile; fileRef = 3FB6E9932C442FF2002BFF45 /* HOCityTaxLineView.swift */; };
		3FB98CC62BF4BCF0009DC123 /* HOTimeImputationLineView.swift in Sources */ = {isa = PBXBuildFile; fileRef = 3FB98CC52BF4BCF0009DC123 /* HOTimeImputationLineView.swift */; };
		3FBCB93F2B90CE4A0043B0B4 /* MyPackView in Frameworks */ = {isa = PBXBuildFile; productRef = 3FBCB93E2B90CE4A0043B0B4 /* MyPackView */; };
		3FBFDDC52BF78CF700C9EC17 /* HOTimeImputation.swift in Sources */ = {isa = PBXBuildFile; fileRef = 3FBFDDC42BF78CF700C9EC17 /* HOTimeImputation.swift */; };
		3FC01D4B2BF20988002FA43D /* HORegolamentoLineView.swift in Sources */ = {isa = PBXBuildFile; fileRef = 3FC01D4A2BF20988002FA43D /* HORegolamentoLineView.swift */; };
		3FD2C0B22BE11D4C005B3D13 /* MainTabView.swift in Sources */ = {isa = PBXBuildFile; fileRef = 3FD2C0B12BE11D4C005B3D13 /* MainTabView.swift */; };
		3FD2C0B52BE11E77005B3D13 /* HODestinationPath.swift in Sources */ = {isa = PBXBuildFile; fileRef = 3FD2C0B42BE11E77005B3D13 /* HODestinationPath.swift */; };
		3FD2C0BA2BE122B5005B3D13 /* HOHomeView.swift in Sources */ = {isa = PBXBuildFile; fileRef = 3FD2C0B92BE122B5005B3D13 /* HOHomeView.swift */; };
		3FD2C0BC2BE12479005B3D13 /* HOReservationsList.swift in Sources */ = {isa = PBXBuildFile; fileRef = 3FD2C0BB2BE12479005B3D13 /* HOReservationsList.swift */; };
		3FD2C0BE2BE12567005B3D13 /* HOOperationsList.swift in Sources */ = {isa = PBXBuildFile; fileRef = 3FD2C0BD2BE12567005B3D13 /* HOOperationsList.swift */; };
		3FD937962C97244D006C69E9 /* HOMontlyDataView.swift in Sources */ = {isa = PBXBuildFile; fileRef = 3FD937952C97244D006C69E9 /* HOMontlyDataView.swift */; };
		3FDFE61C2C0B539C0046B642 /* HOWritingAccountLineView.swift in Sources */ = {isa = PBXBuildFile; fileRef = 3FDFE61B2C0B539C0046B642 /* HOWritingAccountLineView.swift */; };
		3FDFE61F2C0B53FD0046B642 /* HOWritingAccountBuilderVM.swift in Sources */ = {isa = PBXBuildFile; fileRef = 3FDFE61E2C0B53FD0046B642 /* HOWritingAccountBuilderVM.swift */; };
		3FDFE6212C0B5A250046B642 /* HOWritingObject.swift in Sources */ = {isa = PBXBuildFile; fileRef = 3FDFE6202C0B5A250046B642 /* HOWritingObject.swift */; };
		3FE20C6C2BA89B7000ECCB88 /* HOCustomError.swift in Sources */ = {isa = PBXBuildFile; fileRef = 3FE20C6B2BA89B7000ECCB88 /* HOCustomError.swift */; };
		3FE2AE9A2B8F76B000A7B350 /* hosterApp.swift in Sources */ = {isa = PBXBuildFile; fileRef = 3FE2AE992B8F76B000A7B350 /* hosterApp.swift */; };
		3FE2AE9C2B8F76B000A7B350 /* ContentView.swift in Sources */ = {isa = PBXBuildFile; fileRef = 3FE2AE9B2B8F76B000A7B350 /* ContentView.swift */; };
		3FE2AE9E2B8F76B100A7B350 /* Assets.xcassets in Resources */ = {isa = PBXBuildFile; fileRef = 3FE2AE9D2B8F76B100A7B350 /* Assets.xcassets */; };
		3FE2AEA22B8F76B100A7B350 /* Preview Assets.xcassets in Resources */ = {isa = PBXBuildFile; fileRef = 3FE2AEA12B8F76B100A7B350 /* Preview Assets.xcassets */; };
		3FE2AEAE2B8F7C6A00A7B350 /* GoogleService-Info.plist in Resources */ = {isa = PBXBuildFile; fileRef = 3FE2AEAD2B8F7C6A00A7B350 /* GoogleService-Info.plist */; };
		3FE2AEB92B8F7CEE00A7B350 /* FirebaseAuth in Frameworks */ = {isa = PBXBuildFile; productRef = 3FE2AEB82B8F7CEE00A7B350 /* FirebaseAuth */; };
		3FE2AEC32B8F7CEE00A7B350 /* FirebaseDynamicLinks in Frameworks */ = {isa = PBXBuildFile; productRef = 3FE2AEC22B8F7CEE00A7B350 /* FirebaseDynamicLinks */; };
		3FE2AEC52B8F7CEE00A7B350 /* FirebaseFirestore in Frameworks */ = {isa = PBXBuildFile; productRef = 3FE2AEC42B8F7CEE00A7B350 /* FirebaseFirestore */; };
		3FE2AEC92B8F7CEE00A7B350 /* FirebaseFirestoreSwift in Frameworks */ = {isa = PBXBuildFile; productRef = 3FE2AEC82B8F7CEE00A7B350 /* FirebaseFirestoreSwift */; };
		3FED02302C677774000DD1E4 /* ReservationRowSubViewBuilder.swift in Sources */ = {isa = PBXBuildFile; fileRef = 3FED022F2C677774000DD1E4 /* ReservationRowSubViewBuilder.swift */; };
		3FED70C82B9E62BB00E3E64D /* MyTextFieldSinkPack in Frameworks */ = {isa = PBXBuildFile; productRef = 3FED70C72B9E62BB00E3E64D /* MyTextFieldSinkPack */; };
		3FEE44CB2B9F25D3008CFCAF /* SinkTextField.swift in Sources */ = {isa = PBXBuildFile; fileRef = 3FEE44CA2B9F25D3008CFCAF /* SinkTextField.swift */; };
		3FF32E172C007F86003E404F /* HONewOperationMainModule.swift in Sources */ = {isa = PBXBuildFile; fileRef = 3FF32E162C007F85003E404F /* HONewOperationMainModule.swift */; };
		3FFC0CDD2B9CAB3F00287489 /* BedUnityBuilderView.swift in Sources */ = {isa = PBXBuildFile; fileRef = 3FFC0CDC2B9CAB3F00287489 /* BedUnityBuilderView.swift */; };
/* End PBXBuildFile section */

/* Begin PBXFileReference section */
		3F06FCA72C4BC1FF00A2A930 /* HOReservationChannel.swift */ = {isa = PBXFileReference; lastKnownFileType = sourcecode.swift; path = HOReservationChannel.swift; sourceTree = "<group>"; };
		3F0739262BE9164B00B34435 /* Methods.swift */ = {isa = PBXFileReference; lastKnownFileType = sourcecode.swift; path = Methods.swift; sourceTree = "<group>"; };
		3F0739282BE9207200B34435 /* HOCheckInLineView.swift */ = {isa = PBXFileReference; lastKnownFileType = sourcecode.swift; path = HOCheckInLineView.swift; sourceTree = "<group>"; };
		3F07392A2BE9474000B34435 /* HOBedDispoLineView.swift */ = {isa = PBXFileReference; lastKnownFileType = sourcecode.swift; path = HOBedDispoLineView.swift; sourceTree = "<group>"; };
		3F09E2922B91FBBC00B64783 /* CSUtilities.swift */ = {isa = PBXFileReference; lastKnownFileType = sourcecode.swift; path = CSUtilities.swift; sourceTree = "<group>"; };
		3F0AE8552BB079250026A1C2 /* HOBedUnit.swift */ = {isa = PBXFileReference; lastKnownFileType = sourcecode.swift; path = HOBedUnit.swift; sourceTree = "<group>"; };
		3F0D61AA2BED08C500A25A9A /* HOFilterPickerView.swift */ = {isa = PBXFileReference; lastKnownFileType = sourcecode.swift; path = HOFilterPickerView.swift; sourceTree = "<group>"; };
		3F1467C92C8765190086209C /* HOOperationRowView.swift */ = {isa = PBXFileReference; lastKnownFileType = sourcecode.swift; path = HOOperationRowView.swift; sourceTree = "<group>"; };
		3F173BCB2C57EEAF009FA60B /* HOReservationRowView.swift */ = {isa = PBXFileReference; lastKnownFileType = sourcecode.swift; path = HOReservationRowView.swift; sourceTree = "<group>"; };
		3F1BE4912CA41B3C004BCBFF /* HOAnnualReportView.swift */ = {isa = PBXFileReference; lastKnownFileType = sourcecode.swift; path = HOAnnualReportView.swift; sourceTree = "<group>"; };
		3F1D4A0B2BE12875004EFA05 /* SystemExtension.swift */ = {isa = PBXFileReference; lastKnownFileType = sourcecode.swift; path = SystemExtension.swift; sourceTree = "<group>"; };
		3F1D4A102BE13A19004EFA05 /* HODestinationView.swift */ = {isa = PBXFileReference; lastKnownFileType = sourcecode.swift; path = HODestinationView.swift; sourceTree = "<group>"; };
		3F1D4A132BE13C0C004EFA05 /* HONewReservationMainModule.swift */ = {isa = PBXFileReference; lastKnownFileType = sourcecode.swift; path = HONewReservationMainModule.swift; sourceTree = "<group>"; };
		3F1D90AE2BC199B100A0086F /* HOGuestType.swift */ = {isa = PBXFileReference; lastKnownFileType = sourcecode.swift; path = HOGuestType.swift; sourceTree = "<group>"; };
		3F2144E42BB6BFBF00839157 /* ImputationTest.swift */ = {isa = PBXFileReference; lastKnownFileType = sourcecode.swift; path = ImputationTest.swift; sourceTree = "<group>"; };
		3F2144E72BB75DC800839157 /* HOCalendar.swift */ = {isa = PBXFileReference; lastKnownFileType = sourcecode.swift; path = HOCalendar.swift; sourceTree = "<group>"; };
		3F2F86792C21B98E00C4C248 /* HONewOperationBuilderVM.swift */ = {isa = PBXFileReference; lastKnownFileType = sourcecode.swift; path = HONewOperationBuilderVM.swift; sourceTree = "<group>"; };
		3F2FD7B42BE7CEF200D7A1B1 /* HOGuestLineView.swift */ = {isa = PBXFileReference; lastKnownFileType = sourcecode.swift; path = HOGuestLineView.swift; sourceTree = "<group>"; };
		3F3509642C3594C80080B094 /* HOGenericNoteLineView.swift */ = {isa = PBXFileReference; lastKnownFileType = sourcecode.swift; path = HOGenericNoteLineView.swift; sourceTree = "<group>"; };
		3F3509672C3595910080B094 /* HOAmountLineView.swift */ = {isa = PBXFileReference; lastKnownFileType = sourcecode.swift; path = HOAmountLineView.swift; sourceTree = "<group>"; };
		3F35B9432BDE9B9C00837892 /* HOOperationAmount.swift */ = {isa = PBXFileReference; lastKnownFileType = sourcecode.swift; path = HOOperationAmount.swift; sourceTree = "<group>"; };
		3F35B9452BDE9BB900837892 /* HOOptClassification.swift */ = {isa = PBXFileReference; lastKnownFileType = sourcecode.swift; path = HOOptClassification.swift; sourceTree = "<group>"; };
		3F36C8B52C0A0DBB00361118 /* HOLockModifier.swift */ = {isa = PBXFileReference; lastKnownFileType = sourcecode.swift; path = HOLockModifier.swift; sourceTree = "<group>"; };
		3F3B5A1A2CA6FEC800E06F2E /* CurrentYearView.swift */ = {isa = PBXFileReference; lastKnownFileType = sourcecode.swift; path = CurrentYearView.swift; sourceTree = "<group>"; };
		3F4F0F3A2BA4B20D00C8BB44 /* Protocol.swift */ = {isa = PBXFileReference; lastKnownFileType = sourcecode.swift; path = Protocol.swift; sourceTree = "<group>"; };
		3F591DF42C3048B400F3C36E /* ReadMe_TimeImputation.md */ = {isa = PBXFileReference; lastKnownFileType = net.daringfireball.markdown; path = ReadMe_TimeImputation.md; sourceTree = "<group>"; };
		3F5F857E2BCAC744006AA2E6 /* HOWsOperations.swift */ = {isa = PBXFileReference; lastKnownFileType = sourcecode.swift; path = HOWsOperations.swift; sourceTree = "<group>"; };
		3F5F85812BCBD6D6006AA2E6 /* HOWarehouse.swift */ = {isa = PBXFileReference; lastKnownFileType = sourcecode.swift; path = HOWarehouse.swift; sourceTree = "<group>"; };
		3F645C542C24950A0008C68C /* HOOperationType.swift */ = {isa = PBXFileReference; lastKnownFileType = sourcecode.swift; path = HOOperationType.swift; sourceTree = "<group>"; };
		3F6908C92C5928E9004BE04B /* HOReservationStatus.swift */ = {isa = PBXFileReference; lastKnownFileType = sourcecode.swift; path = HOReservationStatus.swift; sourceTree = "<group>"; };
		3F694CB02BDCEC12001F5989 /* HOImputationAccount.swift */ = {isa = PBXFileReference; lastKnownFileType = sourcecode.swift; path = HOImputationAccount.swift; sourceTree = "<group>"; };
		3F694CB22BDCEC31001F5989 /* HOObjectCategory.swift */ = {isa = PBXFileReference; lastKnownFileType = sourcecode.swift; path = HOObjectCategory.swift; sourceTree = "<group>"; };
		3F694CB42BDCEC59001F5989 /* HOSubsAccount.swift */ = {isa = PBXFileReference; lastKnownFileType = sourcecode.swift; path = HOSubsAccount.swift; sourceTree = "<group>"; };
		3F694CB62BDCEC9E001F5989 /* Miscellaneus.swift */ = {isa = PBXFileReference; lastKnownFileType = sourcecode.swift; path = Miscellaneus.swift; sourceTree = "<group>"; };
		3F6A3DD82BEB7C80005AD3E1 /* HOHosterColor.swift */ = {isa = PBXFileReference; lastKnownFileType = sourcecode.swift; path = HOHosterColor.swift; sourceTree = "<group>"; };
		3F71C25D2B98B50100837F9F /* HOViewModel.swift */ = {isa = PBXFileReference; lastKnownFileType = sourcecode.swift; path = HOViewModel.swift; sourceTree = "<group>"; };
		3F71C25F2B98E6D000837F9F /* MainView.swift */ = {isa = PBXFileReference; lastKnownFileType = sourcecode.swift; path = MainView.swift; sourceTree = "<group>"; };
		3F71C2612B99228B00837F9F /* HOViewSetWorkSpace.swift */ = {isa = PBXFileReference; lastKnownFileType = sourcecode.swift; path = HOViewSetWorkSpace.swift; sourceTree = "<group>"; };
		3F71C2632B99243700837F9F /* WorkSpaceModel.swift */ = {isa = PBXFileReference; lastKnownFileType = sourcecode.swift; path = WorkSpaceModel.swift; sourceTree = "<group>"; };
		3F84D7A62C07274200926707 /* HOAreaAccount.swift */ = {isa = PBXFileReference; lastKnownFileType = sourcecode.swift; path = HOAreaAccount.swift; sourceTree = "<group>"; };
		3F859A9D2BAC83BC00297E13 /* HOAuthData.swift */ = {isa = PBXFileReference; lastKnownFileType = sourcecode.swift; path = HOAuthData.swift; sourceTree = "<group>"; };
		3F859AA12BAC844800297E13 /* WorkSpaceUnit.swift */ = {isa = PBXFileReference; lastKnownFileType = sourcecode.swift; path = WorkSpaceUnit.swift; sourceTree = "<group>"; };
		3F859AA32BAC845700297E13 /* WorkSpaceData.swift */ = {isa = PBXFileReference; lastKnownFileType = sourcecode.swift; path = WorkSpaceData.swift; sourceTree = "<group>"; };
		3F859AA52BAC84C400297E13 /* HOUnitModel.swift */ = {isa = PBXFileReference; lastKnownFileType = sourcecode.swift; path = HOUnitModel.swift; sourceTree = "<group>"; };
		3F859AA72BAC850600297E13 /* WorkSpaceType.swift */ = {isa = PBXFileReference; lastKnownFileType = sourcecode.swift; path = WorkSpaceType.swift; sourceTree = "<group>"; };
		3F859AAA2BAC853800297E13 /* UnitType.swift */ = {isa = PBXFileReference; lastKnownFileType = sourcecode.swift; path = UnitType.swift; sourceTree = "<group>"; };
		3F859AAD2BAC85DF00297E13 /* GoogleSignIn.swift */ = {isa = PBXFileReference; lastKnownFileType = sourcecode.swift; path = GoogleSignIn.swift; sourceTree = "<group>"; };
		3F859AAF2BAC85EE00297E13 /* AppleSignIn.swift */ = {isa = PBXFileReference; lastKnownFileType = sourcecode.swift; path = AppleSignIn.swift; sourceTree = "<group>"; };
		3F859AB12BAC860300297E13 /* Providers.swift */ = {isa = PBXFileReference; lastKnownFileType = sourcecode.swift; path = Providers.swift; sourceTree = "<group>"; };
		3F859AB42BAC89A700297E13 /* HOCloudData.swift */ = {isa = PBXFileReference; lastKnownFileType = sourcecode.swift; path = HOCloudData.swift; sourceTree = "<group>"; };
		3F859AB62BAC89D700297E13 /* HOViewCases.swift */ = {isa = PBXFileReference; lastKnownFileType = sourcecode.swift; path = HOViewCases.swift; sourceTree = "<group>"; };
		3F859AB92BAC8ADE00297E13 /* HOLoadingStatus.swift */ = {isa = PBXFileReference; lastKnownFileType = sourcecode.swift; path = HOLoadingStatus.swift; sourceTree = "<group>"; };
		3F859ABB2BAC8B1F00297E13 /* SubScribers.swift */ = {isa = PBXFileReference; lastKnownFileType = sourcecode.swift; path = SubScribers.swift; sourceTree = "<group>"; };
		3F859ABD2BAC8BD800297E13 /* HOSyncroDocManager.swift */ = {isa = PBXFileReference; lastKnownFileType = sourcecode.swift; path = HOSyncroDocManager.swift; sourceTree = "<group>"; };
		3F859AC12BAC8C7800297E13 /* HODataForPublishing.swift */ = {isa = PBXFileReference; lastKnownFileType = sourcecode.swift; path = HODataForPublishing.swift; sourceTree = "<group>"; };
		3F859AC32BAC8CCA00297E13 /* HOCollectionTreePath.swift */ = {isa = PBXFileReference; lastKnownFileType = sourcecode.swift; path = HOCollectionTreePath.swift; sourceTree = "<group>"; };
		3F85F9C72C9F0B2600A4A41A /* HOGeneralDataView.swift */ = {isa = PBXFileReference; lastKnownFileType = sourcecode.swift; path = HOGeneralDataView.swift; sourceTree = "<group>"; };
		3F85F9C92C9F194400A4A41A /* HOResumeLineView.swift */ = {isa = PBXFileReference; lastKnownFileType = sourcecode.swift; path = HOResumeLineView.swift; sourceTree = "<group>"; };
		3F8FEA282B8F8FD500A2BC34 /* HOCloudDataManager.swift */ = {isa = PBXFileReference; lastKnownFileType = sourcecode.swift; path = HOCloudDataManager.swift; sourceTree = "<group>"; };
		3F8FEA2C2B8F9E1600A2BC34 /* HOUserDataModel.swift */ = {isa = PBXFileReference; lastKnownFileType = sourcecode.swift; path = HOUserDataModel.swift; sourceTree = "<group>"; };
		3F8FEA2F2B8FA3BB00A2BC34 /* HOAuthManager.swift */ = {isa = PBXFileReference; lastKnownFileType = sourcecode.swift; path = HOAuthManager.swift; sourceTree = "<group>"; };
		3F8FEA312B8FA41000A2BC34 /* SignInView.swift */ = {isa = PBXFileReference; lastKnownFileType = sourcecode.swift; path = SignInView.swift; sourceTree = "<group>"; };
		3F8FEA3C2B8FFD2D00A2BC34 /* Info.plist */ = {isa = PBXFileReference; lastKnownFileType = text.plist.xml; path = Info.plist; sourceTree = "<group>"; };
		3F8FEA3D2B90022B00A2BC34 /* hosterRelease.entitlements */ = {isa = PBXFileReference; lastKnownFileType = text.plist.entitlements; path = hosterRelease.entitlements; sourceTree = "<group>"; };
		3F921E152BDAB5DB0081395A /* HONastrinoAccount.swift */ = {isa = PBXFileReference; lastKnownFileType = sourcecode.swift; path = HONastrinoAccount.swift; sourceTree = "<group>"; };
		3F9586702BADDF7400774733 /* HOReservation.swift */ = {isa = PBXFileReference; lastKnownFileType = sourcecode.swift; path = HOReservation.swift; sourceTree = "<group>"; };
		3F9586722BADE5F700774733 /* HOWsReservation.swift */ = {isa = PBXFileReference; lastKnownFileType = sourcecode.swift; path = HOWsReservation.swift; sourceTree = "<group>"; };
		3F9586752BAF2D2900774733 /* HOWritingAccount.swift */ = {isa = PBXFileReference; lastKnownFileType = sourcecode.swift; path = HOWritingAccount.swift; sourceTree = "<group>"; };
		3F9586772BAF2DAB00774733 /* HOOperationUnit.swift */ = {isa = PBXFileReference; lastKnownFileType = sourcecode.swift; path = HOOperationUnit.swift; sourceTree = "<group>"; };
		3F999A352BE63C3D0049AC83 /* HOUnitLineView.swift */ = {isa = PBXFileReference; lastKnownFileType = sourcecode.swift; path = HOUnitLineView.swift; sourceTree = "<group>"; };
		3F999A372BE63E120049AC83 /* HOSystemMessages.swift */ = {isa = PBXFileReference; lastKnownFileType = sourcecode.swift; path = HOSystemMessages.swift; sourceTree = "<group>"; };
		3F999A3D2BE66C9B0049AC83 /* HOLogMessageModifier.swift */ = {isa = PBXFileReference; lastKnownFileType = sourcecode.swift; path = HOLogMessageModifier.swift; sourceTree = "<group>"; };
		3F999A3F2BE66EC30049AC83 /* HOPopMessageModifier.swift */ = {isa = PBXFileReference; lastKnownFileType = sourcecode.swift; path = HOPopMessageModifier.swift; sourceTree = "<group>"; };
		3F9B06D22C3D6AA600806B73 /* HONewReservationBuilderVM.swift */ = {isa = PBXFileReference; lastKnownFileType = sourcecode.swift; path = HONewReservationBuilderVM.swift; sourceTree = "<group>"; };
		3FB6E9932C442FF2002BFF45 /* HOCityTaxLineView.swift */ = {isa = PBXFileReference; lastKnownFileType = sourcecode.swift; path = HOCityTaxLineView.swift; sourceTree = "<group>"; };
		3FB98CC52BF4BCF0009DC123 /* HOTimeImputationLineView.swift */ = {isa = PBXFileReference; lastKnownFileType = sourcecode.swift; path = HOTimeImputationLineView.swift; sourceTree = "<group>"; };
		3FB98CCB2BF50190009DC123 /* ReadMe_Operation.md */ = {isa = PBXFileReference; lastKnownFileType = net.daringfireball.markdown; path = ReadMe_Operation.md; sourceTree = "<group>"; };
		3FBFDDC42BF78CF700C9EC17 /* HOTimeImputation.swift */ = {isa = PBXFileReference; lastKnownFileType = sourcecode.swift; path = HOTimeImputation.swift; sourceTree = "<group>"; };
		3FC01D4A2BF20988002FA43D /* HORegolamentoLineView.swift */ = {isa = PBXFileReference; lastKnownFileType = sourcecode.swift; path = HORegolamentoLineView.swift; sourceTree = "<group>"; };
		3FD2C0B12BE11D4C005B3D13 /* MainTabView.swift */ = {isa = PBXFileReference; lastKnownFileType = sourcecode.swift; path = MainTabView.swift; sourceTree = "<group>"; };
		3FD2C0B42BE11E77005B3D13 /* HODestinationPath.swift */ = {isa = PBXFileReference; lastKnownFileType = sourcecode.swift; path = HODestinationPath.swift; sourceTree = "<group>"; };
		3FD2C0B92BE122B5005B3D13 /* HOHomeView.swift */ = {isa = PBXFileReference; lastKnownFileType = sourcecode.swift; path = HOHomeView.swift; sourceTree = "<group>"; };
		3FD2C0BB2BE12479005B3D13 /* HOReservationsList.swift */ = {isa = PBXFileReference; lastKnownFileType = sourcecode.swift; path = HOReservationsList.swift; sourceTree = "<group>"; };
		3FD2C0BD2BE12567005B3D13 /* HOOperationsList.swift */ = {isa = PBXFileReference; lastKnownFileType = sourcecode.swift; path = HOOperationsList.swift; sourceTree = "<group>"; };
		3FD937952C97244D006C69E9 /* HOMontlyDataView.swift */ = {isa = PBXFileReference; lastKnownFileType = sourcecode.swift; path = HOMontlyDataView.swift; sourceTree = "<group>"; };
		3FDFE61B2C0B539C0046B642 /* HOWritingAccountLineView.swift */ = {isa = PBXFileReference; lastKnownFileType = sourcecode.swift; path = HOWritingAccountLineView.swift; sourceTree = "<group>"; };
		3FDFE61E2C0B53FD0046B642 /* HOWritingAccountBuilderVM.swift */ = {isa = PBXFileReference; lastKnownFileType = sourcecode.swift; path = HOWritingAccountBuilderVM.swift; sourceTree = "<group>"; };
		3FDFE6202C0B5A250046B642 /* HOWritingObject.swift */ = {isa = PBXFileReference; lastKnownFileType = sourcecode.swift; path = HOWritingObject.swift; sourceTree = "<group>"; };
		3FE20C6B2BA89B7000ECCB88 /* HOCustomError.swift */ = {isa = PBXFileReference; lastKnownFileType = sourcecode.swift; path = HOCustomError.swift; sourceTree = "<group>"; };
		3FE2AE962B8F76B000A7B350 /* hoster.app */ = {isa = PBXFileReference; explicitFileType = wrapper.application; includeInIndex = 0; path = hoster.app; sourceTree = BUILT_PRODUCTS_DIR; };
		3FE2AE992B8F76B000A7B350 /* hosterApp.swift */ = {isa = PBXFileReference; lastKnownFileType = sourcecode.swift; path = hosterApp.swift; sourceTree = "<group>"; };
		3FE2AE9B2B8F76B000A7B350 /* ContentView.swift */ = {isa = PBXFileReference; lastKnownFileType = sourcecode.swift; path = ContentView.swift; sourceTree = "<group>"; };
		3FE2AE9D2B8F76B100A7B350 /* Assets.xcassets */ = {isa = PBXFileReference; lastKnownFileType = folder.assetcatalog; path = Assets.xcassets; sourceTree = "<group>"; };
		3FE2AE9F2B8F76B100A7B350 /* hoster.entitlements */ = {isa = PBXFileReference; lastKnownFileType = text.plist.entitlements; path = hoster.entitlements; sourceTree = "<group>"; };
		3FE2AEA12B8F76B100A7B350 /* Preview Assets.xcassets */ = {isa = PBXFileReference; lastKnownFileType = folder.assetcatalog; path = "Preview Assets.xcassets"; sourceTree = "<group>"; };
		3FE2AEAD2B8F7C6A00A7B350 /* GoogleService-Info.plist */ = {isa = PBXFileReference; lastKnownFileType = text.plist; path = "GoogleService-Info.plist"; sourceTree = SOURCE_ROOT; };
		3FED022F2C677774000DD1E4 /* ReservationRowSubViewBuilder.swift */ = {isa = PBXFileReference; lastKnownFileType = sourcecode.swift; path = ReservationRowSubViewBuilder.swift; sourceTree = "<group>"; };
		3FEE44CA2B9F25D3008CFCAF /* SinkTextField.swift */ = {isa = PBXFileReference; lastKnownFileType = sourcecode.swift; path = SinkTextField.swift; sourceTree = "<group>"; };
		3FF32E162C007F85003E404F /* HONewOperationMainModule.swift */ = {isa = PBXFileReference; lastKnownFileType = sourcecode.swift; path = HONewOperationMainModule.swift; sourceTree = "<group>"; };
		3FFC0CDC2B9CAB3F00287489 /* BedUnityBuilderView.swift */ = {isa = PBXFileReference; lastKnownFileType = sourcecode.swift; path = BedUnityBuilderView.swift; sourceTree = "<group>"; };
/* End PBXFileReference section */

/* Begin PBXFrameworksBuildPhase section */
		3FE2AE932B8F76B000A7B350 /* Frameworks */ = {
			isa = PBXFrameworksBuildPhase;
			buildActionMask = 2147483647;
			files = (
				3FE2AEC32B8F7CEE00A7B350 /* FirebaseDynamicLinks in Frameworks */,
				3FE2AEC92B8F7CEE00A7B350 /* FirebaseFirestoreSwift in Frameworks */,
				3F09E2902B91F54A00B64783 /* GoogleSignInSwift in Frameworks */,
				3FE2AEB92B8F7CEE00A7B350 /* FirebaseAuth in Frameworks */,
				3FE2AEC52B8F7CEE00A7B350 /* FirebaseFirestore in Frameworks */,
				3FBCB93F2B90CE4A0043B0B4 /* MyPackView in Frameworks */,
				3FED70C82B9E62BB00E3E64D /* MyTextFieldSinkPack in Frameworks */,
				3F1D4A0E2BE12937004EFA05 /* MyFilterPack in Frameworks */,
				3F09E28E2B91F54A00B64783 /* GoogleSignIn in Frameworks */,
			);
			runOnlyForDeploymentPostprocessing = 0;
		};
/* End PBXFrameworksBuildPhase section */

/* Begin PBXGroup section */
		3F09E2912B91FB7000B64783 /* ServiceObjects */ = {
			isa = PBXGroup;
			children = (
				3F09E2922B91FBBC00B64783 /* CSUtilities.swift */,
			);
			path = ServiceObjects;
			sourceTree = "<group>";
		};
		3F0D61A92BECDEAF00A25A9A /* OperationModule */ = {
			isa = PBXGroup;
			children = (
				3FC01D472BF20577002FA43D /* SubViewLine */,
				3FF32E162C007F85003E404F /* HONewOperationMainModule.swift */,
				3F2F86792C21B98E00C4C248 /* HONewOperationBuilderVM.swift */,
				3FB98CCB2BF50190009DC123 /* ReadMe_Operation.md */,
			);
			path = OperationModule;
			sourceTree = "<group>";
		};
		3F1467C82C8764FD0086209C /* OperationRow */ = {
			isa = PBXGroup;
			children = (
				3F1467C92C8765190086209C /* HOOperationRowView.swift */,
			);
			path = OperationRow;
			sourceTree = "<group>";
		};
		3F1BE4902CA41B31004BCBFF /* Report */ = {
			isa = PBXGroup;
			children = (
				3F1BE4912CA41B3C004BCBFF /* HOAnnualReportView.swift */,
			);
			path = Report;
			sourceTree = "<group>";
		};
		3F1D4A0F2BE129E8004EFA05 /* RowViews */ = {
			isa = PBXGroup;
			children = (
				3F1467C82C8764FD0086209C /* OperationRow */,
				3FED022E2C677749000DD1E4 /* ReservationRow */,
			);
			path = RowViews;
			sourceTree = "<group>";
		};
		3F1D4A122BE13BE9004EFA05 /* ModuliCompilazione */ = {
			isa = PBXGroup;
			children = (
				3F0D61A92BECDEAF00A25A9A /* OperationModule */,
				3F999A332BE63C0F0049AC83 /* ReservationModule */,
				3F3509662C3594F40080B094 /* Common_subView */,
			);
			path = ModuliCompilazione;
			sourceTree = "<group>";
		};
		3F2144E62BB75DB300839157 /* Calendario */ = {
			isa = PBXGroup;
			children = (
				3F2144E72BB75DC800839157 /* HOCalendar.swift */,
			);
			path = Calendario;
			sourceTree = "<group>";
		};
		3F3509662C3594F40080B094 /* Common_subView */ = {
			isa = PBXGroup;
			children = (
				3F3509642C3594C80080B094 /* HOGenericNoteLineView.swift */,
			);
			path = Common_subView;
			sourceTree = "<group>";
		};
		3F3B5A192CA6FEAE00E06F2E /* CommonSubView */ = {
			isa = PBXGroup;
			children = (
				3F3B5A1A2CA6FEC800E06F2E /* CurrentYearView.swift */,
			);
			path = CommonSubView;
			sourceTree = "<group>";
		};
		3F5F85802BCBD6C2006AA2E6 /* Warehouse */ = {
			isa = PBXGroup;
			children = (
				3F5F85812BCBD6D6006AA2E6 /* HOWarehouse.swift */,
			);
			path = Warehouse;
			sourceTree = "<group>";
		};
		3F5F85832BCBD6F2006AA2E6 /* SubOperations */ = {
			isa = PBXGroup;
			children = (
				3F5F85802BCBD6C2006AA2E6 /* Warehouse */,
			);
			path = SubOperations;
			sourceTree = "<group>";
		};
		3F694CAF2BDCEBD4001F5989 /* SubOperationObject */ = {
			isa = PBXGroup;
			children = (
				3F9586752BAF2D2900774733 /* HOWritingAccount.swift */,
				3F694CB02BDCEC12001F5989 /* HOImputationAccount.swift */,
				3F694CB22BDCEC31001F5989 /* HOObjectCategory.swift */,
				3F694CB42BDCEC59001F5989 /* HOSubsAccount.swift */,
				3F694CB62BDCEC9E001F5989 /* Miscellaneus.swift */,
				3F35B9432BDE9B9C00837892 /* HOOperationAmount.swift */,
				3F35B9452BDE9BB900837892 /* HOOptClassification.swift */,
				3FBFDDC42BF78CF700C9EC17 /* HOTimeImputation.swift */,
				3F84D7A62C07274200926707 /* HOAreaAccount.swift */,
				3FDFE6202C0B5A250046B642 /* HOWritingObject.swift */,
				3F645C542C24950A0008C68C /* HOOperationType.swift */,
				3F591DF42C3048B400F3C36E /* ReadMe_TimeImputation.md */,
			);
			path = SubOperationObject;
			sourceTree = "<group>";
		};
		3F859A9A2BAC832200297E13 /* Views */ = {
			isa = PBXGroup;
			children = (
				3F1BE4902CA41B31004BCBFF /* Report */,
				3F1D4A122BE13BE9004EFA05 /* ModuliCompilazione */,
				3F1D4A0F2BE129E8004EFA05 /* RowViews */,
				3FD2C0B32BE11E5D005B3D13 /* ServiceToView */,
				3F8FEA2B2B8F900300A2BC34 /* StartingView */,
				3FD2C0B02BE11C56005B3D13 /* TabView */,
			);
			path = Views;
			sourceTree = "<group>";
		};
		3F859A9B2BAC833000297E13 /* DataModel */ = {
			isa = PBXGroup;
			children = (
				3F2144E62BB75DB300839157 /* Calendario */,
				3F921E142BDAB55B0081395A /* Nastrino */,
				3F9586742BAF2D1A00774733 /* Operation */,
				3F95866D2BADDE3F00774733 /* Reservation */,
				3F859AB32BAC898D00297E13 /* CloudData */,
				3F859AA92BAC851B00297E13 /* Unit */,
				3F859AA02BAC841900297E13 /* WorkSpace */,
				3F859A9F2BAC83FE00297E13 /* User */,
			);
			path = DataModel;
			sourceTree = "<group>";
		};
		3F859A9C2BAC833C00297E13 /* DataManager */ = {
			isa = PBXGroup;
			children = (
				3F859AAC2BAC859E00297E13 /* Authentication */,
				3F8FEA2A2B8F8FDF00A2BC34 /* FirDataBase */,
				3F8FEA362B8FA77F00A2BC34 /* MainVM */,
			);
			path = DataManager;
			sourceTree = "<group>";
		};
		3F859A9F2BAC83FE00297E13 /* User */ = {
			isa = PBXGroup;
			children = (
				3F8FEA2C2B8F9E1600A2BC34 /* HOUserDataModel.swift */,
				3F859A9D2BAC83BC00297E13 /* HOAuthData.swift */,
			);
			name = User;
			sourceTree = "<group>";
		};
		3F859AA02BAC841900297E13 /* WorkSpace */ = {
			isa = PBXGroup;
			children = (
				3F5F85832BCBD6F2006AA2E6 /* SubOperations */,
				3F71C2632B99243700837F9F /* WorkSpaceModel.swift */,
				3F859AA12BAC844800297E13 /* WorkSpaceUnit.swift */,
				3F859AA32BAC845700297E13 /* WorkSpaceData.swift */,
				3F859AA72BAC850600297E13 /* WorkSpaceType.swift */,
				3F9586722BADE5F700774733 /* HOWsReservation.swift */,
				3F5F857E2BCAC744006AA2E6 /* HOWsOperations.swift */,
			);
			path = WorkSpace;
			sourceTree = "<group>";
		};
		3F859AA92BAC851B00297E13 /* Unit */ = {
			isa = PBXGroup;
			children = (
				3F859AA52BAC84C400297E13 /* HOUnitModel.swift */,
				3F859AAA2BAC853800297E13 /* UnitType.swift */,
				3F0AE8552BB079250026A1C2 /* HOBedUnit.swift */,
			);
			name = Unit;
			sourceTree = "<group>";
		};
		3F859AAC2BAC859E00297E13 /* Authentication */ = {
			isa = PBXGroup;
			children = (
				3F8FEA2F2B8FA3BB00A2BC34 /* HOAuthManager.swift */,
				3F859AAD2BAC85DF00297E13 /* GoogleSignIn.swift */,
				3F859AAF2BAC85EE00297E13 /* AppleSignIn.swift */,
				3F859AB12BAC860300297E13 /* Providers.swift */,
			);
			name = Authentication;
			sourceTree = "<group>";
		};
		3F859AB32BAC898D00297E13 /* CloudData */ = {
			isa = PBXGroup;
			children = (
				3F859AB42BAC89A700297E13 /* HOCloudData.swift */,
			);
			path = CloudData;
			sourceTree = "<group>";
		};
		3F859AB82BAC8AAB00297E13 /* ServiceData */ = {
			isa = PBXGroup;
			children = (
				3F859AB92BAC8ADE00297E13 /* HOLoadingStatus.swift */,
			);
			path = ServiceData;
			sourceTree = "<group>";
		};
		3F8FEA2A2B8F8FDF00A2BC34 /* FirDataBase */ = {
			isa = PBXGroup;
			children = (
				3F8FEA282B8F8FD500A2BC34 /* HOCloudDataManager.swift */,
				3F859ABD2BAC8BD800297E13 /* HOSyncroDocManager.swift */,
				3F859AC12BAC8C7800297E13 /* HODataForPublishing.swift */,
				3F859AC32BAC8CCA00297E13 /* HOCollectionTreePath.swift */,
			);
			path = FirDataBase;
			sourceTree = "<group>";
		};
		3F8FEA2B2B8F900300A2BC34 /* StartingView */ = {
			isa = PBXGroup;
			children = (
				3FE2AE9B2B8F76B000A7B350 /* ContentView.swift */,
				3F8FEA312B8FA41000A2BC34 /* SignInView.swift */,
				3F71C2612B99228B00837F9F /* HOViewSetWorkSpace.swift */,
				3F71C25F2B98E6D000837F9F /* MainView.swift */,
			);
			path = StartingView;
			sourceTree = "<group>";
		};
		3F8FEA362B8FA77F00A2BC34 /* MainVM */ = {
			isa = PBXGroup;
			children = (
				3F71C25D2B98B50100837F9F /* HOViewModel.swift */,
				3F859AB62BAC89D700297E13 /* HOViewCases.swift */,
				3F859ABB2BAC8B1F00297E13 /* SubScribers.swift */,
			);
			path = MainVM;
			sourceTree = "<group>";
		};
		3F8FEA372B8FA78D00A2BC34 /* Libreria */ = {
			isa = PBXGroup;
			children = (
				3F999A3C2BE66C6E0049AC83 /* ViewModifier */,
				3F999A392BE63E5C0049AC83 /* ServiceView */,
				3F09E2912B91FB7000B64783 /* ServiceObjects */,
				3FFC0CDB2B9CAB0500287489 /* ResultBuilder */,
				3F4F0F3A2BA4B20D00C8BB44 /* Protocol.swift */,
				3FE20C6B2BA89B7000ECCB88 /* HOCustomError.swift */,
				3F1D4A0B2BE12875004EFA05 /* SystemExtension.swift */,
				3F999A372BE63E120049AC83 /* HOSystemMessages.swift */,
				3F0739262BE9164B00B34435 /* Methods.swift */,
				3F6A3DD82BEB7C80005AD3E1 /* HOHosterColor.swift */,
			);
			path = Libreria;
			sourceTree = "<group>";
		};
		3F921E142BDAB55B0081395A /* Nastrino */ = {
			isa = PBXGroup;
			children = (
				3F921E152BDAB5DB0081395A /* HONastrinoAccount.swift */,
			);
			path = Nastrino;
			sourceTree = "<group>";
		};
		3F95866D2BADDE3F00774733 /* Reservation */ = {
			isa = PBXGroup;
			children = (
				3F9586702BADDF7400774733 /* HOReservation.swift */,
				3F1D90AE2BC199B100A0086F /* HOGuestType.swift */,
				3F06FCA72C4BC1FF00A2A930 /* HOReservationChannel.swift */,
				3F6908C92C5928E9004BE04B /* HOReservationStatus.swift */,
			);
			path = Reservation;
			sourceTree = "<group>";
		};
		3F9586742BAF2D1A00774733 /* Operation */ = {
			isa = PBXGroup;
			children = (
				3F9586772BAF2DAB00774733 /* HOOperationUnit.swift */,
				3F694CAF2BDCEBD4001F5989 /* SubOperationObject */,
			);
			path = Operation;
			sourceTree = "<group>";
		};
		3F999A332BE63C0F0049AC83 /* ReservationModule */ = {
			isa = PBXGroup;
			children = (
				3F999A342BE63C1E0049AC83 /* SubView */,
				3F1D4A132BE13C0C004EFA05 /* HONewReservationMainModule.swift */,
				3F9B06D22C3D6AA600806B73 /* HONewReservationBuilderVM.swift */,
			);
			path = ReservationModule;
			sourceTree = "<group>";
		};
		3F999A342BE63C1E0049AC83 /* SubView */ = {
			isa = PBXGroup;
			children = (
				3F999A352BE63C3D0049AC83 /* HOUnitLineView.swift */,
				3F2FD7B42BE7CEF200D7A1B1 /* HOGuestLineView.swift */,
				3F0739282BE9207200B34435 /* HOCheckInLineView.swift */,
				3F07392A2BE9474000B34435 /* HOBedDispoLineView.swift */,
				3FB6E9932C442FF2002BFF45 /* HOCityTaxLineView.swift */,
			);
			path = SubView;
			sourceTree = "<group>";
		};
		3F999A392BE63E5C0049AC83 /* ServiceView */ = {
			isa = PBXGroup;
			children = (
			);
			path = ServiceView;
			sourceTree = "<group>";
		};
		3F999A3C2BE66C6E0049AC83 /* ViewModifier */ = {
			isa = PBXGroup;
			children = (
				3F999A3D2BE66C9B0049AC83 /* HOLogMessageModifier.swift */,
				3F999A3F2BE66EC30049AC83 /* HOPopMessageModifier.swift */,
				3F36C8B52C0A0DBB00361118 /* HOLockModifier.swift */,
			);
			path = ViewModifier;
			sourceTree = "<group>";
		};
		3FBCB9382B90CAA10043B0B4 /* Frameworks */ = {
			isa = PBXGroup;
			children = (
			);
			name = Frameworks;
			sourceTree = "<group>";
		};
		3FC01D472BF20577002FA43D /* SubViewLine */ = {
			isa = PBXGroup;
			children = (
				3F0D61AA2BED08C500A25A9A /* HOFilterPickerView.swift */,
				3FC01D4A2BF20988002FA43D /* HORegolamentoLineView.swift */,
				3FB98CC52BF4BCF0009DC123 /* HOTimeImputationLineView.swift */,
				3FDFE61D2C0B53EA0046B642 /* WritingAccountBuilder */,
				3F3509672C3595910080B094 /* HOAmountLineView.swift */,
			);
			path = SubViewLine;
			sourceTree = "<group>";
		};
		3FD2C0B02BE11C56005B3D13 /* TabView */ = {
			isa = PBXGroup;
			children = (
				3F3B5A192CA6FEAE00E06F2E /* CommonSubView */,
				3FD2C0B82BE12290005B3D13 /* OperationsView */,
				3FD2C0B72BE12286005B3D13 /* ReservationsView */,
				3FD2C0B62BE1227D005B3D13 /* HomeView */,
				3FD2C0B12BE11D4C005B3D13 /* MainTabView.swift */,
			);
			path = TabView;
			sourceTree = "<group>";
		};
		3FD2C0B32BE11E5D005B3D13 /* ServiceToView */ = {
			isa = PBXGroup;
			children = (
				3FD2C0B42BE11E77005B3D13 /* HODestinationPath.swift */,
				3F1D4A102BE13A19004EFA05 /* HODestinationView.swift */,
			);
			path = ServiceToView;
			sourceTree = "<group>";
		};
		3FD2C0B62BE1227D005B3D13 /* HomeView */ = {
			isa = PBXGroup;
			children = (
				3F85F9C92C9F194400A4A41A /* HOResumeLineView.swift */,
				3FD2C0B92BE122B5005B3D13 /* HOHomeView.swift */,
				3FD937952C97244D006C69E9 /* HOMontlyDataView.swift */,
				3F85F9C72C9F0B2600A4A41A /* HOGeneralDataView.swift */,
			);
			path = HomeView;
			sourceTree = "<group>";
		};
		3FD2C0B72BE12286005B3D13 /* ReservationsView */ = {
			isa = PBXGroup;
			children = (
				3FD2C0BB2BE12479005B3D13 /* HOReservationsList.swift */,
			);
			path = ReservationsView;
			sourceTree = "<group>";
		};
		3FD2C0B82BE12290005B3D13 /* OperationsView */ = {
			isa = PBXGroup;
			children = (
				3FD2C0BD2BE12567005B3D13 /* HOOperationsList.swift */,
			);
			path = OperationsView;
			sourceTree = "<group>";
		};
		3FDFE61D2C0B53EA0046B642 /* WritingAccountBuilder */ = {
			isa = PBXGroup;
			children = (
				3FDFE61B2C0B539C0046B642 /* HOWritingAccountLineView.swift */,
				3FDFE61E2C0B53FD0046B642 /* HOWritingAccountBuilderVM.swift */,
			);
			path = WritingAccountBuilder;
			sourceTree = "<group>";
		};
		3FE2AE8D2B8F76B000A7B350 = {
			isa = PBXGroup;
			children = (
				3FE2AE982B8F76B000A7B350 /* hoster */,
				3FE2AE972B8F76B000A7B350 /* Products */,
				3FBCB9382B90CAA10043B0B4 /* Frameworks */,
			);
			sourceTree = "<group>";
		};
		3FE2AE972B8F76B000A7B350 /* Products */ = {
			isa = PBXGroup;
			children = (
				3FE2AE962B8F76B000A7B350 /* hoster.app */,
			);
			name = Products;
			sourceTree = "<group>";
		};
		3FE2AE982B8F76B000A7B350 /* hoster */ = {
			isa = PBXGroup;
			children = (
				3FE2AE992B8F76B000A7B350 /* hosterApp.swift */,
				3F859A9A2BAC832200297E13 /* Views */,
				3F859A9B2BAC833000297E13 /* DataModel */,
				3F859A9C2BAC833C00297E13 /* DataManager */,
				3F859AB82BAC8AAB00297E13 /* ServiceData */,
				3F8FEA372B8FA78D00A2BC34 /* Libreria */,
				3FEE44C92B9F25B6008CFCAF /* TestLAB */,
				3FE2AE9F2B8F76B100A7B350 /* hoster.entitlements */,
				3F8FEA3D2B90022B00A2BC34 /* hosterRelease.entitlements */,
				3FE2AE9D2B8F76B100A7B350 /* Assets.xcassets */,
				3F8FEA3C2B8FFD2D00A2BC34 /* Info.plist */,
				3FE2AEAD2B8F7C6A00A7B350 /* GoogleService-Info.plist */,
				3FE2AEA02B8F76B100A7B350 /* Preview Content */,
			);
			path = hoster;
			sourceTree = "<group>";
		};
		3FE2AEA02B8F76B100A7B350 /* Preview Content */ = {
			isa = PBXGroup;
			children = (
				3FE2AEA12B8F76B100A7B350 /* Preview Assets.xcassets */,
			);
			path = "Preview Content";
			sourceTree = "<group>";
		};
		3FED022E2C677749000DD1E4 /* ReservationRow */ = {
			isa = PBXGroup;
			children = (
				3F173BCB2C57EEAF009FA60B /* HOReservationRowView.swift */,
				3FED022F2C677774000DD1E4 /* ReservationRowSubViewBuilder.swift */,
			);
			path = ReservationRow;
			sourceTree = "<group>";
		};
		3FEE44C92B9F25B6008CFCAF /* TestLAB */ = {
			isa = PBXGroup;
			children = (
				3FEE44CA2B9F25D3008CFCAF /* SinkTextField.swift */,
				3F2144E42BB6BFBF00839157 /* ImputationTest.swift */,
			);
			path = TestLAB;
			sourceTree = "<group>";
		};
		3FFC0CDB2B9CAB0500287489 /* ResultBuilder */ = {
			isa = PBXGroup;
			children = (
				3FFC0CDC2B9CAB3F00287489 /* BedUnityBuilderView.swift */,
			);
			path = ResultBuilder;
			sourceTree = "<group>";
		};
/* End PBXGroup section */

/* Begin PBXNativeTarget section */
		3FE2AE952B8F76B000A7B350 /* hoster */ = {
			isa = PBXNativeTarget;
			buildConfigurationList = 3FE2AEA52B8F76B100A7B350 /* Build configuration list for PBXNativeTarget "hoster" */;
			buildPhases = (
				3FE2AE922B8F76B000A7B350 /* Sources */,
				3FE2AE932B8F76B000A7B350 /* Frameworks */,
				3FE2AE942B8F76B000A7B350 /* Resources */,
			);
			buildRules = (
			);
			dependencies = (
			);
			name = hoster;
			packageProductDependencies = (
				3FE2AEB82B8F7CEE00A7B350 /* FirebaseAuth */,
				3FE2AEC22B8F7CEE00A7B350 /* FirebaseDynamicLinks */,
				3FE2AEC42B8F7CEE00A7B350 /* FirebaseFirestore */,
				3FE2AEC82B8F7CEE00A7B350 /* FirebaseFirestoreSwift */,
				3FBCB93E2B90CE4A0043B0B4 /* MyPackView */,
				3F09E28D2B91F54A00B64783 /* GoogleSignIn */,
				3F09E28F2B91F54A00B64783 /* GoogleSignInSwift */,
				3FED70C72B9E62BB00E3E64D /* MyTextFieldSinkPack */,
				3F1D4A0D2BE12937004EFA05 /* MyFilterPack */,
			);
			productName = hoster;
			productReference = 3FE2AE962B8F76B000A7B350 /* hoster.app */;
			productType = "com.apple.product-type.application";
		};
/* End PBXNativeTarget section */

/* Begin PBXProject section */
		3FE2AE8E2B8F76B000A7B350 /* Project object */ = {
			isa = PBXProject;
			attributes = {
				BuildIndependentTargetsInParallel = 1;
				LastSwiftUpdateCheck = 1520;
				LastUpgradeCheck = 1520;
				TargetAttributes = {
					3FE2AE952B8F76B000A7B350 = {
						CreatedOnToolsVersion = 15.2;
					};
				};
			};
			buildConfigurationList = 3FE2AE912B8F76B000A7B350 /* Build configuration list for PBXProject "hoster" */;
			compatibilityVersion = "Xcode 14.0";
			developmentRegion = en;
			hasScannedForEncodings = 0;
			knownRegions = (
				en,
				Base,
			);
			mainGroup = 3FE2AE8D2B8F76B000A7B350;
			packageReferences = (
				3FE2AEAF2B8F7CEE00A7B350 /* XCRemoteSwiftPackageReference "firebase-ios-sdk" */,
				3FBCB93D2B90CE4A0043B0B4 /* XCRemoteSwiftPackageReference "MyContainerPack" */,
				3F09E28C2B91F54A00B64783 /* XCRemoteSwiftPackageReference "GoogleSignIn-iOS" */,
			);
			productRefGroup = 3FE2AE972B8F76B000A7B350 /* Products */;
			projectDirPath = "";
			projectRoot = "";
			targets = (
				3FE2AE952B8F76B000A7B350 /* hoster */,
			);
		};
/* End PBXProject section */

/* Begin PBXResourcesBuildPhase section */
		3FE2AE942B8F76B000A7B350 /* Resources */ = {
			isa = PBXResourcesBuildPhase;
			buildActionMask = 2147483647;
			files = (
				3FE2AEA22B8F76B100A7B350 /* Preview Assets.xcassets in Resources */,
				3FE2AE9E2B8F76B100A7B350 /* Assets.xcassets in Resources */,
				3FE2AEAE2B8F7C6A00A7B350 /* GoogleService-Info.plist in Resources */,
			);
			runOnlyForDeploymentPostprocessing = 0;
		};
/* End PBXResourcesBuildPhase section */

/* Begin PBXSourcesBuildPhase section */
		3FE2AE922B8F76B000A7B350 /* Sources */ = {
			isa = PBXSourcesBuildPhase;
			buildActionMask = 2147483647;
			files = (
				3FD2C0BE2BE12567005B3D13 /* HOOperationsList.swift in Sources */,
				3FB6E9942C442FF2002BFF45 /* HOCityTaxLineView.swift in Sources */,
				3F859AAE2BAC85DF00297E13 /* GoogleSignIn.swift in Sources */,
				3F859ABA2BAC8ADE00297E13 /* HOLoadingStatus.swift in Sources */,
				3F694CB52BDCEC59001F5989 /* HOSubsAccount.swift in Sources */,
				3F859AB02BAC85EE00297E13 /* AppleSignIn.swift in Sources */,
				3F8FEA322B8FA41000A2BC34 /* SignInView.swift in Sources */,
				3FDFE6212C0B5A250046B642 /* HOWritingObject.swift in Sources */,
				3F1D4A112BE13A19004EFA05 /* HODestinationView.swift in Sources */,
				3F84D7A72C07274200926707 /* HOAreaAccount.swift in Sources */,
				3F35B9462BDE9BB900837892 /* HOOptClassification.swift in Sources */,
				3F2FD7B52BE7CEF200D7A1B1 /* HOGuestLineView.swift in Sources */,
				3F71C2622B99228B00837F9F /* HOViewSetWorkSpace.swift in Sources */,
				3F71C2642B99243700837F9F /* WorkSpaceModel.swift in Sources */,
				3F859ABE2BAC8BD800297E13 /* HOSyncroDocManager.swift in Sources */,
				3F859AA82BAC850600297E13 /* WorkSpaceType.swift in Sources */,
				3F3509682C3595910080B094 /* HOAmountLineView.swift in Sources */,
				3F859ABC2BAC8B1F00297E13 /* SubScribers.swift in Sources */,
				3F71C2602B98E6D000837F9F /* MainView.swift in Sources */,
				3F71C25E2B98B50100837F9F /* HOViewModel.swift in Sources */,
				3F859AB22BAC860300297E13 /* Providers.swift in Sources */,
				3FED02302C677774000DD1E4 /* ReservationRowSubViewBuilder.swift in Sources */,
				3F8FEA2D2B8F9E1600A2BC34 /* HOUserDataModel.swift in Sources */,
				3F645C552C24950A0008C68C /* HOOperationType.swift in Sources */,
				3F1BE4922CA41B6A004BCBFF /* HOAnnualReportView.swift in Sources */,
				3F5F857F2BCAC744006AA2E6 /* HOWsOperations.swift in Sources */,
				3F6A3DD92BEB7C80005AD3E1 /* HOHosterColor.swift in Sources */,
				3F859AA62BAC84C400297E13 /* HOUnitModel.swift in Sources */,
				3F694CB72BDCEC9E001F5989 /* Miscellaneus.swift in Sources */,
				3FD2C0B22BE11D4C005B3D13 /* MainTabView.swift in Sources */,
				3F9586762BAF2D2900774733 /* HOWritingAccount.swift in Sources */,
				3FD2C0B52BE11E77005B3D13 /* HODestinationPath.swift in Sources */,
				3FDFE61F2C0B53FD0046B642 /* HOWritingAccountBuilderVM.swift in Sources */,
				3FE20C6C2BA89B7000ECCB88 /* HOCustomError.swift in Sources */,
				3F694CB32BDCEC31001F5989 /* HOObjectCategory.swift in Sources */,
				3F1D4A142BE13C0C004EFA05 /* HONewReservationMainModule.swift in Sources */,
				3F2144E52BB6BFBF00839157 /* ImputationTest.swift in Sources */,
				3F8FEA292B8F8FD500A2BC34 /* HOCloudDataManager.swift in Sources */,
				3F2144E82BB75DC800839157 /* HOCalendar.swift in Sources */,
				3F36C8B62C0A0DBB00361118 /* HOLockModifier.swift in Sources */,
				3F173BCC2C57EEAF009FA60B /* HOReservationRowView.swift in Sources */,
				3F921E162BDAB5DB0081395A /* HONastrinoAccount.swift in Sources */,
				3F999A362BE63C3D0049AC83 /* HOUnitLineView.swift in Sources */,
				3F694CB12BDCEC12001F5989 /* HOImputationAccount.swift in Sources */,
				3FF32E172C007F86003E404F /* HONewOperationMainModule.swift in Sources */,
				3F1D90AF2BC199B100A0086F /* HOGuestType.swift in Sources */,
				3FDFE61C2C0B539C0046B642 /* HOWritingAccountLineView.swift in Sources */,
				3FE2AE9C2B8F76B000A7B350 /* ContentView.swift in Sources */,
				3FC01D4B2BF20988002FA43D /* HORegolamentoLineView.swift in Sources */,
				3F3B5A1B2CA6FEE700E06F2E /* CurrentYearView.swift in Sources */,
				3F859AB52BAC89A700297E13 /* HOCloudData.swift in Sources */,
				3F9586712BADDF7400774733 /* HOReservation.swift in Sources */,
				3FE2AE9A2B8F76B000A7B350 /* hosterApp.swift in Sources */,
				3F2F867A2C21B98E00C4C248 /* HONewOperationBuilderVM.swift in Sources */,
				3F09E2932B91FBBC00B64783 /* CSUtilities.swift in Sources */,
				3FD2C0BC2BE12479005B3D13 /* HOReservationsList.swift in Sources */,
				3F859AC42BAC8CCA00297E13 /* HOCollectionTreePath.swift in Sources */,
				3FEE44CB2B9F25D3008CFCAF /* SinkTextField.swift in Sources */,
				3F859AC22BAC8C7800297E13 /* HODataForPublishing.swift in Sources */,
				3F999A402BE66EC30049AC83 /* HOPopMessageModifier.swift in Sources */,
				3F1467CA2C8765190086209C /* HOOperationRowView.swift in Sources */,
				3F9B06D32C3D6AA600806B73 /* HONewReservationBuilderVM.swift in Sources */,
				3F0739272BE9164B00B34435 /* Methods.swift in Sources */,
				3FFC0CDD2B9CAB3F00287489 /* BedUnityBuilderView.swift in Sources */,
				3F85F9C82C9F0B2600A4A41A /* HOGeneralDataView.swift in Sources */,
				3F0739292BE9207200B34435 /* HOCheckInLineView.swift in Sources */,
				3F9586732BADE5F700774733 /* HOWsReservation.swift in Sources */,
				3F999A3E2BE66C9B0049AC83 /* HOLogMessageModifier.swift in Sources */,
				3F5F85822BCBD6D6006AA2E6 /* HOWarehouse.swift in Sources */,
				3FD937962C97244D006C69E9 /* HOMontlyDataView.swift in Sources */,
				3F85F9CA2C9F194900A4A41A /* HOResumeLineView.swift in Sources */,
				3F859AA42BAC845700297E13 /* WorkSpaceData.swift in Sources */,
				3FD2C0BA2BE122B5005B3D13 /* HOHomeView.swift in Sources */,
				3F859AAB2BAC853800297E13 /* UnitType.swift in Sources */,
				3F1D4A0C2BE12875004EFA05 /* SystemExtension.swift in Sources */,
				3F8FEA302B8FA3BB00A2BC34 /* HOAuthManager.swift in Sources */,
				3F07392B2BE9474000B34435 /* HOBedDispoLineView.swift in Sources */,
				3F0AE8562BB079250026A1C2 /* HOBedUnit.swift in Sources */,
				3F3509652C3594C80080B094 /* HOGenericNoteLineView.swift in Sources */,
				3FB98CC62BF4BCF0009DC123 /* HOTimeImputationLineView.swift in Sources */,
				3F0D61AB2BED08C500A25A9A /* HOFilterPickerView.swift in Sources */,
				3F859A9E2BAC83BC00297E13 /* HOAuthData.swift in Sources */,
				3F859AB72BAC89D700297E13 /* HOViewCases.swift in Sources */,
				3FBFDDC52BF78CF700C9EC17 /* HOTimeImputation.swift in Sources */,
				3F999A382BE63E120049AC83 /* HOSystemMessages.swift in Sources */,
				3F859AA22BAC844800297E13 /* WorkSpaceUnit.swift in Sources */,
				3F9586782BAF2DAB00774733 /* HOOperationUnit.swift in Sources */,
				3F06FCA82C4BC1FF00A2A930 /* HOReservationChannel.swift in Sources */,
				3F6908CA2C5928E9004BE04B /* HOReservationStatus.swift in Sources */,
				3F35B9442BDE9B9C00837892 /* HOOperationAmount.swift in Sources */,
				3F4F0F3B2BA4B20D00C8BB44 /* Protocol.swift in Sources */,
			);
			runOnlyForDeploymentPostprocessing = 0;
		};
/* End PBXSourcesBuildPhase section */

/* Begin XCBuildConfiguration section */
		3FE2AEA32B8F76B100A7B350 /* Debug */ = {
			isa = XCBuildConfiguration;
			buildSettings = {
				ALWAYS_SEARCH_USER_PATHS = NO;
				ASSETCATALOG_COMPILER_GENERATE_SWIFT_ASSET_SYMBOL_EXTENSIONS = YES;
				CLANG_ANALYZER_NONNULL = YES;
				CLANG_ANALYZER_NUMBER_OBJECT_CONVERSION = YES_AGGRESSIVE;
				CLANG_CXX_LANGUAGE_STANDARD = "gnu++20";
				CLANG_ENABLE_MODULES = YES;
				CLANG_ENABLE_OBJC_ARC = YES;
				CLANG_ENABLE_OBJC_WEAK = YES;
				CLANG_WARN_BLOCK_CAPTURE_AUTORELEASING = YES;
				CLANG_WARN_BOOL_CONVERSION = YES;
				CLANG_WARN_COMMA = YES;
				CLANG_WARN_CONSTANT_CONVERSION = YES;
				CLANG_WARN_DEPRECATED_OBJC_IMPLEMENTATIONS = YES;
				CLANG_WARN_DIRECT_OBJC_ISA_USAGE = YES_ERROR;
				CLANG_WARN_DOCUMENTATION_COMMENTS = YES;
				CLANG_WARN_EMPTY_BODY = YES;
				CLANG_WARN_ENUM_CONVERSION = YES;
				CLANG_WARN_INFINITE_RECURSION = YES;
				CLANG_WARN_INT_CONVERSION = YES;
				CLANG_WARN_NON_LITERAL_NULL_CONVERSION = YES;
				CLANG_WARN_OBJC_IMPLICIT_RETAIN_SELF = YES;
				CLANG_WARN_OBJC_LITERAL_CONVERSION = YES;
				CLANG_WARN_OBJC_ROOT_CLASS = YES_ERROR;
				CLANG_WARN_QUOTED_INCLUDE_IN_FRAMEWORK_HEADER = YES;
				CLANG_WARN_RANGE_LOOP_ANALYSIS = YES;
				CLANG_WARN_STRICT_PROTOTYPES = YES;
				CLANG_WARN_SUSPICIOUS_MOVE = YES;
				CLANG_WARN_UNGUARDED_AVAILABILITY = YES_AGGRESSIVE;
				CLANG_WARN_UNREACHABLE_CODE = YES;
				CLANG_WARN__DUPLICATE_METHOD_MATCH = YES;
				COPY_PHASE_STRIP = NO;
				DEBUG_INFORMATION_FORMAT = dwarf;
				ENABLE_STRICT_OBJC_MSGSEND = YES;
				ENABLE_TESTABILITY = YES;
				ENABLE_USER_SCRIPT_SANDBOXING = YES;
				GCC_C_LANGUAGE_STANDARD = gnu17;
				GCC_DYNAMIC_NO_PIC = NO;
				GCC_NO_COMMON_BLOCKS = YES;
				GCC_OPTIMIZATION_LEVEL = 0;
				GCC_PREPROCESSOR_DEFINITIONS = (
					"DEBUG=1",
					"$(inherited)",
				);
				GCC_WARN_64_TO_32_BIT_CONVERSION = YES;
				GCC_WARN_ABOUT_RETURN_TYPE = YES_ERROR;
				GCC_WARN_UNDECLARED_SELECTOR = YES;
				GCC_WARN_UNINITIALIZED_AUTOS = YES_AGGRESSIVE;
				GCC_WARN_UNUSED_FUNCTION = YES;
				GCC_WARN_UNUSED_VARIABLE = YES;
				IPHONEOS_DEPLOYMENT_TARGET = 17.6;
				LOCALIZATION_PREFERS_STRING_CATALOGS = YES;
				MTL_ENABLE_DEBUG_INFO = INCLUDE_SOURCE;
				MTL_FAST_MATH = YES;
				ONLY_ACTIVE_ARCH = YES;
				SWIFT_ACTIVE_COMPILATION_CONDITIONS = "DEBUG $(inherited)";
				SWIFT_OPTIMIZATION_LEVEL = "-Onone";
			};
			name = Debug;
		};
		3FE2AEA42B8F76B100A7B350 /* Release */ = {
			isa = XCBuildConfiguration;
			buildSettings = {
				ALWAYS_SEARCH_USER_PATHS = NO;
				ASSETCATALOG_COMPILER_GENERATE_SWIFT_ASSET_SYMBOL_EXTENSIONS = YES;
				CLANG_ANALYZER_NONNULL = YES;
				CLANG_ANALYZER_NUMBER_OBJECT_CONVERSION = YES_AGGRESSIVE;
				CLANG_CXX_LANGUAGE_STANDARD = "gnu++20";
				CLANG_ENABLE_MODULES = YES;
				CLANG_ENABLE_OBJC_ARC = YES;
				CLANG_ENABLE_OBJC_WEAK = YES;
				CLANG_WARN_BLOCK_CAPTURE_AUTORELEASING = YES;
				CLANG_WARN_BOOL_CONVERSION = YES;
				CLANG_WARN_COMMA = YES;
				CLANG_WARN_CONSTANT_CONVERSION = YES;
				CLANG_WARN_DEPRECATED_OBJC_IMPLEMENTATIONS = YES;
				CLANG_WARN_DIRECT_OBJC_ISA_USAGE = YES_ERROR;
				CLANG_WARN_DOCUMENTATION_COMMENTS = YES;
				CLANG_WARN_EMPTY_BODY = YES;
				CLANG_WARN_ENUM_CONVERSION = YES;
				CLANG_WARN_INFINITE_RECURSION = YES;
				CLANG_WARN_INT_CONVERSION = YES;
				CLANG_WARN_NON_LITERAL_NULL_CONVERSION = YES;
				CLANG_WARN_OBJC_IMPLICIT_RETAIN_SELF = YES;
				CLANG_WARN_OBJC_LITERAL_CONVERSION = YES;
				CLANG_WARN_OBJC_ROOT_CLASS = YES_ERROR;
				CLANG_WARN_QUOTED_INCLUDE_IN_FRAMEWORK_HEADER = YES;
				CLANG_WARN_RANGE_LOOP_ANALYSIS = YES;
				CLANG_WARN_STRICT_PROTOTYPES = YES;
				CLANG_WARN_SUSPICIOUS_MOVE = YES;
				CLANG_WARN_UNGUARDED_AVAILABILITY = YES_AGGRESSIVE;
				CLANG_WARN_UNREACHABLE_CODE = YES;
				CLANG_WARN__DUPLICATE_METHOD_MATCH = YES;
				COPY_PHASE_STRIP = NO;
				DEBUG_INFORMATION_FORMAT = "dwarf-with-dsym";
				ENABLE_NS_ASSERTIONS = NO;
				ENABLE_STRICT_OBJC_MSGSEND = YES;
				ENABLE_USER_SCRIPT_SANDBOXING = YES;
				GCC_C_LANGUAGE_STANDARD = gnu17;
				GCC_NO_COMMON_BLOCKS = YES;
				GCC_WARN_64_TO_32_BIT_CONVERSION = YES;
				GCC_WARN_ABOUT_RETURN_TYPE = YES_ERROR;
				GCC_WARN_UNDECLARED_SELECTOR = YES;
				GCC_WARN_UNINITIALIZED_AUTOS = YES_AGGRESSIVE;
				GCC_WARN_UNUSED_FUNCTION = YES;
				GCC_WARN_UNUSED_VARIABLE = YES;
				IPHONEOS_DEPLOYMENT_TARGET = 17.6;
				LOCALIZATION_PREFERS_STRING_CATALOGS = YES;
				MTL_ENABLE_DEBUG_INFO = NO;
				MTL_FAST_MATH = YES;
				SWIFT_COMPILATION_MODE = wholemodule;
			};
			name = Release;
		};
		3FE2AEA62B8F76B100A7B350 /* Debug */ = {
			isa = XCBuildConfiguration;
			buildSettings = {
				ASSETCATALOG_COMPILER_APPICON_NAME = AppIcon;
				ASSETCATALOG_COMPILER_GLOBAL_ACCENT_COLOR_NAME = AccentColor;
				CODE_SIGN_ENTITLEMENTS = hoster/hoster.entitlements;
				CODE_SIGN_STYLE = Automatic;
				CURRENT_PROJECT_VERSION = 13;
				DEVELOPMENT_ASSET_PATHS = "\"hoster/Preview Content\"";
				DEVELOPMENT_TEAM = 2HR732K89Z;
				ENABLE_HARDENED_RUNTIME = YES;
				ENABLE_PREVIEWS = YES;
				GENERATE_INFOPLIST_FILE = YES;
				INFOPLIST_FILE = hoster/Info.plist;
				"INFOPLIST_KEY_UIApplicationSceneManifest_Generation[sdk=iphoneos*]" = YES;
				"INFOPLIST_KEY_UIApplicationSceneManifest_Generation[sdk=iphonesimulator*]" = YES;
				"INFOPLIST_KEY_UIApplicationSupportsIndirectInputEvents[sdk=iphoneos*]" = YES;
				"INFOPLIST_KEY_UIApplicationSupportsIndirectInputEvents[sdk=iphonesimulator*]" = YES;
				"INFOPLIST_KEY_UILaunchScreen_Generation[sdk=iphoneos*]" = YES;
				"INFOPLIST_KEY_UILaunchScreen_Generation[sdk=iphonesimulator*]" = YES;
				INFOPLIST_KEY_UIStatusBarStyle = "";
				"INFOPLIST_KEY_UIStatusBarStyle[sdk=iphoneos*]" = UIStatusBarStyleDefault;
				"INFOPLIST_KEY_UIStatusBarStyle[sdk=iphonesimulator*]" = UIStatusBarStyleDefault;
				INFOPLIST_KEY_UISupportedInterfaceOrientations = UIInterfaceOrientationPortrait;
				IPHONEOS_DEPLOYMENT_TARGET = 17.6;
				LD_RUNPATH_SEARCH_PATHS = "@executable_path/Frameworks";
				"LD_RUNPATH_SEARCH_PATHS[sdk=macosx*]" = "@executable_path/../Frameworks";
				MACOSX_DEPLOYMENT_TARGET = 14.2;
				MARKETING_VERSION = 1.0;
				PRODUCT_BUNDLE_IDENTIFIER = com.calogerofriscia.hoster;
				PRODUCT_NAME = "$(TARGET_NAME)";
				SDKROOT = auto;
				SUPPORTED_PLATFORMS = "iphoneos iphonesimulator macosx";
				SWIFT_EMIT_LOC_STRINGS = YES;
				SWIFT_VERSION = 5.0;
				TARGETED_DEVICE_FAMILY = "1,2";
			};
			name = Debug;
		};
		3FE2AEA72B8F76B100A7B350 /* Release */ = {
			isa = XCBuildConfiguration;
			buildSettings = {
				ASSETCATALOG_COMPILER_APPICON_NAME = AppIcon;
				ASSETCATALOG_COMPILER_GLOBAL_ACCENT_COLOR_NAME = AccentColor;
				CODE_SIGN_ENTITLEMENTS = hoster/hosterRelease.entitlements;
				CODE_SIGN_STYLE = Automatic;
				CURRENT_PROJECT_VERSION = 13;
				DEVELOPMENT_ASSET_PATHS = "\"hoster/Preview Content\"";
				DEVELOPMENT_TEAM = 2HR732K89Z;
				ENABLE_HARDENED_RUNTIME = YES;
				ENABLE_PREVIEWS = YES;
				GENERATE_INFOPLIST_FILE = YES;
				INFOPLIST_FILE = hoster/Info.plist;
				"INFOPLIST_KEY_UIApplicationSceneManifest_Generation[sdk=iphoneos*]" = YES;
				"INFOPLIST_KEY_UIApplicationSceneManifest_Generation[sdk=iphonesimulator*]" = YES;
				"INFOPLIST_KEY_UIApplicationSupportsIndirectInputEvents[sdk=iphoneos*]" = YES;
				"INFOPLIST_KEY_UIApplicationSupportsIndirectInputEvents[sdk=iphonesimulator*]" = YES;
				"INFOPLIST_KEY_UILaunchScreen_Generation[sdk=iphoneos*]" = YES;
				"INFOPLIST_KEY_UILaunchScreen_Generation[sdk=iphonesimulator*]" = YES;
				INFOPLIST_KEY_UIStatusBarStyle = "";
				"INFOPLIST_KEY_UIStatusBarStyle[sdk=iphoneos*]" = UIStatusBarStyleDefault;
				"INFOPLIST_KEY_UIStatusBarStyle[sdk=iphonesimulator*]" = UIStatusBarStyleDefault;
				INFOPLIST_KEY_UISupportedInterfaceOrientations = UIInterfaceOrientationPortrait;
				IPHONEOS_DEPLOYMENT_TARGET = 17.6;
				LD_RUNPATH_SEARCH_PATHS = "@executable_path/Frameworks";
				"LD_RUNPATH_SEARCH_PATHS[sdk=macosx*]" = "@executable_path/../Frameworks";
				MACOSX_DEPLOYMENT_TARGET = 14.2;
				MARKETING_VERSION = 1.0;
				PRODUCT_BUNDLE_IDENTIFIER = com.calogerofriscia.hoster;
				PRODUCT_NAME = "$(TARGET_NAME)";
				SDKROOT = auto;
				SUPPORTED_PLATFORMS = "iphoneos iphonesimulator macosx";
				SWIFT_EMIT_LOC_STRINGS = YES;
				SWIFT_VERSION = 5.0;
				TARGETED_DEVICE_FAMILY = "1,2";
			};
			name = Release;
		};
/* End XCBuildConfiguration section */

/* Begin XCConfigurationList section */
		3FE2AE912B8F76B000A7B350 /* Build configuration list for PBXProject "hoster" */ = {
			isa = XCConfigurationList;
			buildConfigurations = (
				3FE2AEA32B8F76B100A7B350 /* Debug */,
				3FE2AEA42B8F76B100A7B350 /* Release */,
			);
			defaultConfigurationIsVisible = 0;
			defaultConfigurationName = Release;
		};
		3FE2AEA52B8F76B100A7B350 /* Build configuration list for PBXNativeTarget "hoster" */ = {
			isa = XCConfigurationList;
			buildConfigurations = (
				3FE2AEA62B8F76B100A7B350 /* Debug */,
				3FE2AEA72B8F76B100A7B350 /* Release */,
			);
			defaultConfigurationIsVisible = 0;
			defaultConfigurationName = Release;
		};
/* End XCConfigurationList section */

/* Begin XCRemoteSwiftPackageReference section */
		3F09E28C2B91F54A00B64783 /* XCRemoteSwiftPackageReference "GoogleSignIn-iOS" */ = {
			isa = XCRemoteSwiftPackageReference;
			repositoryURL = "https://github.com/google/GoogleSignIn-iOS";
			requirement = {
				kind = upToNextMajorVersion;
				minimumVersion = 7.0.0;
			};
		};
		3FBCB93D2B90CE4A0043B0B4 /* XCRemoteSwiftPackageReference "MyContainerPack" */ = {
			isa = XCRemoteSwiftPackageReference;
			repositoryURL = "https://github.com/lf51/MyContainerPack.git";
			requirement = {
				kind = upToNextMajorVersion;
				minimumVersion = 0.0.3;
			};
		};
		3FE2AEAF2B8F7CEE00A7B350 /* XCRemoteSwiftPackageReference "firebase-ios-sdk" */ = {
			isa = XCRemoteSwiftPackageReference;
			repositoryURL = "https://github.com/firebase/firebase-ios-sdk";
			requirement = {
				kind = upToNextMajorVersion;
				minimumVersion = 10.21.0;
			};
		};
/* End XCRemoteSwiftPackageReference section */

/* Begin XCSwiftPackageProductDependency section */
		3F09E28D2B91F54A00B64783 /* GoogleSignIn */ = {
			isa = XCSwiftPackageProductDependency;
			package = 3F09E28C2B91F54A00B64783 /* XCRemoteSwiftPackageReference "GoogleSignIn-iOS" */;
			productName = GoogleSignIn;
		};
		3F09E28F2B91F54A00B64783 /* GoogleSignInSwift */ = {
			isa = XCSwiftPackageProductDependency;
			package = 3F09E28C2B91F54A00B64783 /* XCRemoteSwiftPackageReference "GoogleSignIn-iOS" */;
			productName = GoogleSignInSwift;
		};
		3F1D4A0D2BE12937004EFA05 /* MyFilterPack */ = {
			isa = XCSwiftPackageProductDependency;
			package = 3FBCB93D2B90CE4A0043B0B4 /* XCRemoteSwiftPackageReference "MyContainerPack" */;
			productName = MyFilterPack;
		};
		3FBCB93E2B90CE4A0043B0B4 /* MyPackView */ = {
			isa = XCSwiftPackageProductDependency;
			package = 3FBCB93D2B90CE4A0043B0B4 /* XCRemoteSwiftPackageReference "MyContainerPack" */;
			productName = MyPackView;
		};
		3FE2AEB82B8F7CEE00A7B350 /* FirebaseAuth */ = {
			isa = XCSwiftPackageProductDependency;
			package = 3FE2AEAF2B8F7CEE00A7B350 /* XCRemoteSwiftPackageReference "firebase-ios-sdk" */;
			productName = FirebaseAuth;
		};
		3FE2AEC22B8F7CEE00A7B350 /* FirebaseDynamicLinks */ = {
			isa = XCSwiftPackageProductDependency;
			package = 3FE2AEAF2B8F7CEE00A7B350 /* XCRemoteSwiftPackageReference "firebase-ios-sdk" */;
			productName = FirebaseDynamicLinks;
		};
		3FE2AEC42B8F7CEE00A7B350 /* FirebaseFirestore */ = {
			isa = XCSwiftPackageProductDependency;
			package = 3FE2AEAF2B8F7CEE00A7B350 /* XCRemoteSwiftPackageReference "firebase-ios-sdk" */;
			productName = FirebaseFirestore;
		};
		3FE2AEC82B8F7CEE00A7B350 /* FirebaseFirestoreSwift */ = {
			isa = XCSwiftPackageProductDependency;
			package = 3FE2AEAF2B8F7CEE00A7B350 /* XCRemoteSwiftPackageReference "firebase-ios-sdk" */;
			productName = FirebaseFirestoreSwift;
		};
		3FED70C72B9E62BB00E3E64D /* MyTextFieldSinkPack */ = {
			isa = XCSwiftPackageProductDependency;
			package = 3FBCB93D2B90CE4A0043B0B4 /* XCRemoteSwiftPackageReference "MyContainerPack" */;
			productName = MyTextFieldSinkPack;
		};
/* End XCSwiftPackageProductDependency section */
	};
	rootObject = 3FE2AE8E2B8F76B000A7B350 /* Project object */;
}
